
Microsoft Visual Studio Solution File, Format Version 12.00
# Visual Studio Version 17
VisualStudioVersion = 17.0.31912.275
MinimumVisualStudioVersion = 10.0.40219.1
Project("{2150E333-8FDC-42A3-9474-1A3956D46DE8}") = "Applications", "Applications", "{57F6FDB0-7E7F-48F7-A684-349B08613C82}"
EndProject
Project("{2150E333-8FDC-42A3-9474-1A3956D46DE8}") = "DataStructures", "DataStructures", "{95EEF72D-9395-480D-BCFC-17DB66D379C8}"
EndProject
Project("{2150E333-8FDC-42A3-9474-1A3956D46DE8}") = "Tests", "Tests", "{4AB8204D-294E-4F31-A649-E66ABF19A202}"
EndProject
Project("{2150E333-8FDC-42A3-9474-1A3956D46DE8}") = "UIs", "UIs", "{1DA16195-5F9D-4E4E-AAE9-7FFC9E9914BE}"
EndProject
Project("{9A19103F-16F7-4668-BE54-9A1E7A4F7556}") = "ValueAndReferenceType", "ValueAndReferenceType\ValueAndReferenceType.csproj", "{D361F2D7-F1E2-4E07-AD40-29E4FD94F3E1}"
EndProject
Project("{2150E333-8FDC-42A3-9474-1A3956D46DE8}") = "ApplicationsTests", "ApplicationsTests", "{AD3CDB96-C54D-4D21-8524-53E6420B3F0E}"
EndProject
Project("{9A19103F-16F7-4668-BE54-9A1E7A4F7556}") = "ValueAndReferenceTypeTests", "ValueAndReferenceTypeTests\ValueAndReferenceTypeTests.csproj", "{B4201BB3-0B2A-4883-A39C-D560FB638C41}"
EndProject
Project("{9A19103F-16F7-4668-BE54-9A1E7A4F7556}") = "DataStructures.Array", "DataStructures.Array\DataStructures.Array.csproj", "{D3B94184-CA16-45C1-9D02-F563C0832D26}"
EndProject
Project("{2150E333-8FDC-42A3-9474-1A3956D46DE8}") = "DataStructuresTests", "DataStructuresTests", "{E0F19A72-2EB2-4DA4-8043-DF38275B04DD}"
EndProject
Project("{9A19103F-16F7-4668-BE54-9A1E7A4F7556}") = "ArrayTests", "ArrayTests\ArrayTests.csproj", "{940CE548-67E6-47E6-8BA1-7FD4E2D6F740}"
EndProject
Project("{9A19103F-16F7-4668-BE54-9A1E7A4F7556}") = "CollectionsTests", "CollectionsTests\CollectionsTests.csproj", "{8CD42081-E7CB-4EFD-8942-23CA780CADB4}"
EndProject
Project("{9A19103F-16F7-4668-BE54-9A1E7A4F7556}") = "DataStructures.LinkedList", "DataStructures.LinkedList\DataStructures.LinkedList.csproj", "{C98876E2-6095-4D4D-9605-8716BAA0D49F}"
EndProject
Project("{9A19103F-16F7-4668-BE54-9A1E7A4F7556}") = "LinkedListTests", "LinkedListTests\LinkedListTests.csproj", "{25A32AA8-25A5-4903-8B30-9A464E3F5A47}"
EndProject
Project("{2150E333-8FDC-42A3-9474-1A3956D46DE8}") = "DataStructures", "DataStructures", "{0E854752-2208-493E-A06A-EDD1F826E61E}"
EndProject
Project("{9A19103F-16F7-4668-BE54-9A1E7A4F7556}") = "LinkedList_App", "LinkedList_App\LinkedList_App.csproj", "{949E26E6-8290-4002-BF8D-89451FFDA0BE}"
EndProject
Project("{9A19103F-16F7-4668-BE54-9A1E7A4F7556}") = "DataStructures.Stack", "DataStructures.Stack\DataStructures.Stack.csproj", "{A2C07A8A-3A73-4C75-AC99-B88FB0469BD1}"
EndProject
Project("{9A19103F-16F7-4668-BE54-9A1E7A4F7556}") = "StackTests", "StackTests\StackTests.csproj", "{2336E7C5-CB55-4B09-910F-E55209D0CCC5}"
EndProject
Project("{9A19103F-16F7-4668-BE54-9A1E7A4F7556}") = "Stack_App", "Stack_App\Stack_App.csproj", "{A6815E72-5D65-4418-BD37-9A4EDFAC891C}"
EndProject
Project("{9A19103F-16F7-4668-BE54-9A1E7A4F7556}") = "DataStructures.Queue", "DataStructures.Queue\DataStructures.Queue.csproj", "{6FB77EDF-FF12-48E4-BE8E-3EBB7C4017CE}"
EndProject
Project("{9A19103F-16F7-4668-BE54-9A1E7A4F7556}") = "QueueTests", "QueueTests\QueueTests.csproj", "{881B16F3-F075-44F8-88A1-707F1F6D5988}"
EndProject
Project("{9A19103F-16F7-4668-BE54-9A1E7A4F7556}") = "Queue_App", "Queue_App\Queue_App.csproj", "{9AF96D34-4954-47B4-97DC-ED0A80468C8F}"
EndProject
Project("{2150E333-8FDC-42A3-9474-1A3956D46DE8}") = "Recursion", "Recursion", "{33424167-3FFF-43A8-BD06-976E327A1CF0}"
EndProject
Project("{9A19103F-16F7-4668-BE54-9A1E7A4F7556}") = "Recursion_Factorial_App", "Recursion_Factorial_App\Recursion_Factorial_App.csproj", "{9B105E50-9C14-4AD4-A975-E18E071A8AC4}"
EndProject
Project("{2150E333-8FDC-42A3-9474-1A3956D46DE8}") = "Search", "Search", "{A3615883-726F-4047-9EE2-B47A392A8422}"
EndProject
Project("{9A19103F-16F7-4668-BE54-9A1E7A4F7556}") = "BinarySearch", "BinarySearch\BinarySearch.csproj", "{683D6F5A-DBDC-4BC2-868F-E45A922B1C0C}"
EndProject
Project("{2150E333-8FDC-42A3-9474-1A3956D46DE8}") = "SearchTests", "SearchTests", "{C545FFAA-09DD-4C3A-91C3-C11C2066FC9D}"
EndProject
Project("{9A19103F-16F7-4668-BE54-9A1E7A4F7556}") = "BinarySearchTests", "BinarySearchTests\BinarySearchTests.csproj", "{10947FE1-C14D-4374-A387-C43F62E84937}"
EndProject
Project("{2150E333-8FDC-42A3-9474-1A3956D46DE8}") = "SortingAlgorithms", "SortingAlgorithms", "{EF097193-F675-459A-9E95-E10FC1B706F0}"
EndProject
Project("{FAE04EC0-301F-11D3-BF4B-00C04F79EFBC}") = "Sorting", "Sorting\Sorting.csproj", "{0D0AF2F3-4E02-46EC-B543-02FE6B0E3481}"
EndProject
Project("{2150E333-8FDC-42A3-9474-1A3956D46DE8}") = "SortingAlgorithmsTests", "SortingAlgorithmsTests", "{01D1C0C9-FCF3-431F-862B-B15C71A156C1}"
EndProject
Project("{FAE04EC0-301F-11D3-BF4B-00C04F79EFBC}") = "SortingTests", "SortingTests\SortingTests.csproj", "{1EDDF765-CB44-4E0D-856D-BE9B40B5EAA4}"
EndProject
Project("{2150E333-8FDC-42A3-9474-1A3956D46DE8}") = "SortingAlgorithms", "SortingAlgorithms", "{8BAD412D-4EC8-4A29-8AEE-F574E191180C}"
EndProject
Project("{FAE04EC0-301F-11D3-BF4B-00C04F79EFBC}") = "Sorting_App", "Sorting_App\Sorting_App.csproj", "{8F1245AA-FC7D-4348-AF48-2A2D20F0D937}"
EndProject
Project("{FAE04EC0-301F-11D3-BF4B-00C04F79EFBC}") = "Trees", "Trees\Trees.csproj", "{C2CF562A-107D-4690-B20B-898F002F6C11}"
EndProject
Project("{FAE04EC0-301F-11D3-BF4B-00C04F79EFBC}") = "TreesTests", "TreesTests\TreesTests.csproj", "{F7C7A52C-F822-463E-8984-11DAF7AA177F}"
EndProject
Project("{FAE04EC0-301F-11D3-BF4B-00C04F79EFBC}") = "BinaryTree_App", "BinaryTree_App\BinaryTree_App.csproj", "{6BDD8202-6384-4C8F-875F-70617EFEA842}"
EndProject
Global
	GlobalSection(SolutionConfigurationPlatforms) = preSolution
		Debug|Any CPU = Debug|Any CPU
		Release|Any CPU = Release|Any CPU
	EndGlobalSection
	GlobalSection(ProjectConfigurationPlatforms) = postSolution
		{D361F2D7-F1E2-4E07-AD40-29E4FD94F3E1}.Debug|Any CPU.ActiveCfg = Debug|Any CPU
		{D361F2D7-F1E2-4E07-AD40-29E4FD94F3E1}.Debug|Any CPU.Build.0 = Debug|Any CPU
		{D361F2D7-F1E2-4E07-AD40-29E4FD94F3E1}.Release|Any CPU.ActiveCfg = Release|Any CPU
		{D361F2D7-F1E2-4E07-AD40-29E4FD94F3E1}.Release|Any CPU.Build.0 = Release|Any CPU
		{B4201BB3-0B2A-4883-A39C-D560FB638C41}.Debug|Any CPU.ActiveCfg = Debug|Any CPU
		{B4201BB3-0B2A-4883-A39C-D560FB638C41}.Debug|Any CPU.Build.0 = Debug|Any CPU
		{B4201BB3-0B2A-4883-A39C-D560FB638C41}.Release|Any CPU.ActiveCfg = Release|Any CPU
		{B4201BB3-0B2A-4883-A39C-D560FB638C41}.Release|Any CPU.Build.0 = Release|Any CPU
		{D3B94184-CA16-45C1-9D02-F563C0832D26}.Debug|Any CPU.ActiveCfg = Debug|Any CPU
		{D3B94184-CA16-45C1-9D02-F563C0832D26}.Debug|Any CPU.Build.0 = Debug|Any CPU
		{D3B94184-CA16-45C1-9D02-F563C0832D26}.Release|Any CPU.ActiveCfg = Release|Any CPU
		{D3B94184-CA16-45C1-9D02-F563C0832D26}.Release|Any CPU.Build.0 = Release|Any CPU
		{940CE548-67E6-47E6-8BA1-7FD4E2D6F740}.Debug|Any CPU.ActiveCfg = Debug|Any CPU
		{940CE548-67E6-47E6-8BA1-7FD4E2D6F740}.Debug|Any CPU.Build.0 = Debug|Any CPU
		{940CE548-67E6-47E6-8BA1-7FD4E2D6F740}.Release|Any CPU.ActiveCfg = Release|Any CPU
		{940CE548-67E6-47E6-8BA1-7FD4E2D6F740}.Release|Any CPU.Build.0 = Release|Any CPU
		{8CD42081-E7CB-4EFD-8942-23CA780CADB4}.Debug|Any CPU.ActiveCfg = Debug|Any CPU
		{8CD42081-E7CB-4EFD-8942-23CA780CADB4}.Debug|Any CPU.Build.0 = Debug|Any CPU
		{8CD42081-E7CB-4EFD-8942-23CA780CADB4}.Release|Any CPU.ActiveCfg = Release|Any CPU
		{8CD42081-E7CB-4EFD-8942-23CA780CADB4}.Release|Any CPU.Build.0 = Release|Any CPU
		{C98876E2-6095-4D4D-9605-8716BAA0D49F}.Debug|Any CPU.ActiveCfg = Debug|Any CPU
		{C98876E2-6095-4D4D-9605-8716BAA0D49F}.Debug|Any CPU.Build.0 = Debug|Any CPU
		{C98876E2-6095-4D4D-9605-8716BAA0D49F}.Release|Any CPU.ActiveCfg = Release|Any CPU
		{C98876E2-6095-4D4D-9605-8716BAA0D49F}.Release|Any CPU.Build.0 = Release|Any CPU
		{25A32AA8-25A5-4903-8B30-9A464E3F5A47}.Debug|Any CPU.ActiveCfg = Debug|Any CPU
		{25A32AA8-25A5-4903-8B30-9A464E3F5A47}.Debug|Any CPU.Build.0 = Debug|Any CPU
		{25A32AA8-25A5-4903-8B30-9A464E3F5A47}.Release|Any CPU.ActiveCfg = Release|Any CPU
		{25A32AA8-25A5-4903-8B30-9A464E3F5A47}.Release|Any CPU.Build.0 = Release|Any CPU
		{949E26E6-8290-4002-BF8D-89451FFDA0BE}.Debug|Any CPU.ActiveCfg = Debug|Any CPU
		{949E26E6-8290-4002-BF8D-89451FFDA0BE}.Debug|Any CPU.Build.0 = Debug|Any CPU
		{949E26E6-8290-4002-BF8D-89451FFDA0BE}.Release|Any CPU.ActiveCfg = Release|Any CPU
		{949E26E6-8290-4002-BF8D-89451FFDA0BE}.Release|Any CPU.Build.0 = Release|Any CPU
		{A2C07A8A-3A73-4C75-AC99-B88FB0469BD1}.Debug|Any CPU.ActiveCfg = Debug|Any CPU
		{A2C07A8A-3A73-4C75-AC99-B88FB0469BD1}.Debug|Any CPU.Build.0 = Debug|Any CPU
		{A2C07A8A-3A73-4C75-AC99-B88FB0469BD1}.Release|Any CPU.ActiveCfg = Release|Any CPU
		{A2C07A8A-3A73-4C75-AC99-B88FB0469BD1}.Release|Any CPU.Build.0 = Release|Any CPU
		{2336E7C5-CB55-4B09-910F-E55209D0CCC5}.Debug|Any CPU.ActiveCfg = Debug|Any CPU
		{2336E7C5-CB55-4B09-910F-E55209D0CCC5}.Debug|Any CPU.Build.0 = Debug|Any CPU
		{2336E7C5-CB55-4B09-910F-E55209D0CCC5}.Release|Any CPU.ActiveCfg = Release|Any CPU
		{2336E7C5-CB55-4B09-910F-E55209D0CCC5}.Release|Any CPU.Build.0 = Release|Any CPU
		{A6815E72-5D65-4418-BD37-9A4EDFAC891C}.Debug|Any CPU.ActiveCfg = Debug|Any CPU
		{A6815E72-5D65-4418-BD37-9A4EDFAC891C}.Debug|Any CPU.Build.0 = Debug|Any CPU
		{A6815E72-5D65-4418-BD37-9A4EDFAC891C}.Release|Any CPU.ActiveCfg = Release|Any CPU
		{A6815E72-5D65-4418-BD37-9A4EDFAC891C}.Release|Any CPU.Build.0 = Release|Any CPU
		{6FB77EDF-FF12-48E4-BE8E-3EBB7C4017CE}.Debug|Any CPU.ActiveCfg = Debug|Any CPU
		{6FB77EDF-FF12-48E4-BE8E-3EBB7C4017CE}.Debug|Any CPU.Build.0 = Debug|Any CPU
		{6FB77EDF-FF12-48E4-BE8E-3EBB7C4017CE}.Release|Any CPU.ActiveCfg = Release|Any CPU
		{6FB77EDF-FF12-48E4-BE8E-3EBB7C4017CE}.Release|Any CPU.Build.0 = Release|Any CPU
		{881B16F3-F075-44F8-88A1-707F1F6D5988}.Debug|Any CPU.ActiveCfg = Debug|Any CPU
		{881B16F3-F075-44F8-88A1-707F1F6D5988}.Debug|Any CPU.Build.0 = Debug|Any CPU
		{881B16F3-F075-44F8-88A1-707F1F6D5988}.Release|Any CPU.ActiveCfg = Release|Any CPU
		{881B16F3-F075-44F8-88A1-707F1F6D5988}.Release|Any CPU.Build.0 = Release|Any CPU
		{9AF96D34-4954-47B4-97DC-ED0A80468C8F}.Debug|Any CPU.ActiveCfg = Debug|Any CPU
		{9AF96D34-4954-47B4-97DC-ED0A80468C8F}.Debug|Any CPU.Build.0 = Debug|Any CPU
		{9AF96D34-4954-47B4-97DC-ED0A80468C8F}.Release|Any CPU.ActiveCfg = Release|Any CPU
		{9AF96D34-4954-47B4-97DC-ED0A80468C8F}.Release|Any CPU.Build.0 = Release|Any CPU
		{9B105E50-9C14-4AD4-A975-E18E071A8AC4}.Debug|Any CPU.ActiveCfg = Debug|Any CPU
		{9B105E50-9C14-4AD4-A975-E18E071A8AC4}.Debug|Any CPU.Build.0 = Debug|Any CPU
		{9B105E50-9C14-4AD4-A975-E18E071A8AC4}.Release|Any CPU.ActiveCfg = Release|Any CPU
		{9B105E50-9C14-4AD4-A975-E18E071A8AC4}.Release|Any CPU.Build.0 = Release|Any CPU
		{683D6F5A-DBDC-4BC2-868F-E45A922B1C0C}.Debug|Any CPU.ActiveCfg = Debug|Any CPU
		{683D6F5A-DBDC-4BC2-868F-E45A922B1C0C}.Debug|Any CPU.Build.0 = Debug|Any CPU
		{683D6F5A-DBDC-4BC2-868F-E45A922B1C0C}.Release|Any CPU.ActiveCfg = Release|Any CPU
		{683D6F5A-DBDC-4BC2-868F-E45A922B1C0C}.Release|Any CPU.Build.0 = Release|Any CPU
		{10947FE1-C14D-4374-A387-C43F62E84937}.Debug|Any CPU.ActiveCfg = Debug|Any CPU
		{10947FE1-C14D-4374-A387-C43F62E84937}.Debug|Any CPU.Build.0 = Debug|Any CPU
		{10947FE1-C14D-4374-A387-C43F62E84937}.Release|Any CPU.ActiveCfg = Release|Any CPU
		{10947FE1-C14D-4374-A387-C43F62E84937}.Release|Any CPU.Build.0 = Release|Any CPU
		{0D0AF2F3-4E02-46EC-B543-02FE6B0E3481}.Debug|Any CPU.ActiveCfg = Debug|Any CPU
		{0D0AF2F3-4E02-46EC-B543-02FE6B0E3481}.Debug|Any CPU.Build.0 = Debug|Any CPU
		{0D0AF2F3-4E02-46EC-B543-02FE6B0E3481}.Release|Any CPU.ActiveCfg = Release|Any CPU
		{0D0AF2F3-4E02-46EC-B543-02FE6B0E3481}.Release|Any CPU.Build.0 = Release|Any CPU
		{1EDDF765-CB44-4E0D-856D-BE9B40B5EAA4}.Debug|Any CPU.ActiveCfg = Debug|Any CPU
		{1EDDF765-CB44-4E0D-856D-BE9B40B5EAA4}.Debug|Any CPU.Build.0 = Debug|Any CPU
		{1EDDF765-CB44-4E0D-856D-BE9B40B5EAA4}.Release|Any CPU.ActiveCfg = Release|Any CPU
		{1EDDF765-CB44-4E0D-856D-BE9B40B5EAA4}.Release|Any CPU.Build.0 = Release|Any CPU
		{8F1245AA-FC7D-4348-AF48-2A2D20F0D937}.Debug|Any CPU.ActiveCfg = Debug|Any CPU
		{8F1245AA-FC7D-4348-AF48-2A2D20F0D937}.Debug|Any CPU.Build.0 = Debug|Any CPU
		{8F1245AA-FC7D-4348-AF48-2A2D20F0D937}.Release|Any CPU.ActiveCfg = Release|Any CPU
		{8F1245AA-FC7D-4348-AF48-2A2D20F0D937}.Release|Any CPU.Build.0 = Release|Any CPU
		{C2CF562A-107D-4690-B20B-898F002F6C11}.Debug|Any CPU.ActiveCfg = Debug|Any CPU
		{C2CF562A-107D-4690-B20B-898F002F6C11}.Debug|Any CPU.Build.0 = Debug|Any CPU
		{C2CF562A-107D-4690-B20B-898F002F6C11}.Release|Any CPU.ActiveCfg = Release|Any CPU
		{C2CF562A-107D-4690-B20B-898F002F6C11}.Release|Any CPU.Build.0 = Release|Any CPU
		{F7C7A52C-F822-463E-8984-11DAF7AA177F}.Debug|Any CPU.ActiveCfg = Debug|Any CPU
		{F7C7A52C-F822-463E-8984-11DAF7AA177F}.Debug|Any CPU.Build.0 = Debug|Any CPU
		{F7C7A52C-F822-463E-8984-11DAF7AA177F}.Release|Any CPU.ActiveCfg = Release|Any CPU
		{F7C7A52C-F822-463E-8984-11DAF7AA177F}.Release|Any CPU.Build.0 = Release|Any CPU
		{6BDD8202-6384-4C8F-875F-70617EFEA842}.Debug|Any CPU.ActiveCfg = Debug|Any CPU
		{6BDD8202-6384-4C8F-875F-70617EFEA842}.Debug|Any CPU.Build.0 = Debug|Any CPU
		{6BDD8202-6384-4C8F-875F-70617EFEA842}.Release|Any CPU.ActiveCfg = Release|Any CPU
		{6BDD8202-6384-4C8F-875F-70617EFEA842}.Release|Any CPU.Build.0 = Release|Any CPU
	EndGlobalSection
	GlobalSection(SolutionProperties) = preSolution
		HideSolutionNode = FALSE
	EndGlobalSection
	GlobalSection(NestedProjects) = preSolution
		{D361F2D7-F1E2-4E07-AD40-29E4FD94F3E1} = {57F6FDB0-7E7F-48F7-A684-349B08613C82}
		{AD3CDB96-C54D-4D21-8524-53E6420B3F0E} = {4AB8204D-294E-4F31-A649-E66ABF19A202}
		{B4201BB3-0B2A-4883-A39C-D560FB638C41} = {AD3CDB96-C54D-4D21-8524-53E6420B3F0E}
		{D3B94184-CA16-45C1-9D02-F563C0832D26} = {95EEF72D-9395-480D-BCFC-17DB66D379C8}
		{E0F19A72-2EB2-4DA4-8043-DF38275B04DD} = {4AB8204D-294E-4F31-A649-E66ABF19A202}
		{940CE548-67E6-47E6-8BA1-7FD4E2D6F740} = {E0F19A72-2EB2-4DA4-8043-DF38275B04DD}
		{8CD42081-E7CB-4EFD-8942-23CA780CADB4} = {AD3CDB96-C54D-4D21-8524-53E6420B3F0E}
		{C98876E2-6095-4D4D-9605-8716BAA0D49F} = {95EEF72D-9395-480D-BCFC-17DB66D379C8}
		{25A32AA8-25A5-4903-8B30-9A464E3F5A47} = {E0F19A72-2EB2-4DA4-8043-DF38275B04DD}
		{0E854752-2208-493E-A06A-EDD1F826E61E} = {1DA16195-5F9D-4E4E-AAE9-7FFC9E9914BE}
		{949E26E6-8290-4002-BF8D-89451FFDA0BE} = {0E854752-2208-493E-A06A-EDD1F826E61E}
		{A2C07A8A-3A73-4C75-AC99-B88FB0469BD1} = {95EEF72D-9395-480D-BCFC-17DB66D379C8}
		{2336E7C5-CB55-4B09-910F-E55209D0CCC5} = {E0F19A72-2EB2-4DA4-8043-DF38275B04DD}
		{A6815E72-5D65-4418-BD37-9A4EDFAC891C} = {0E854752-2208-493E-A06A-EDD1F826E61E}
		{6FB77EDF-FF12-48E4-BE8E-3EBB7C4017CE} = {95EEF72D-9395-480D-BCFC-17DB66D379C8}
		{881B16F3-F075-44F8-88A1-707F1F6D5988} = {E0F19A72-2EB2-4DA4-8043-DF38275B04DD}
		{9AF96D34-4954-47B4-97DC-ED0A80468C8F} = {0E854752-2208-493E-A06A-EDD1F826E61E}
		{33424167-3FFF-43A8-BD06-976E327A1CF0} = {1DA16195-5F9D-4E4E-AAE9-7FFC9E9914BE}
		{9B105E50-9C14-4AD4-A975-E18E071A8AC4} = {33424167-3FFF-43A8-BD06-976E327A1CF0}
		{683D6F5A-DBDC-4BC2-868F-E45A922B1C0C} = {A3615883-726F-4047-9EE2-B47A392A8422}
		{C545FFAA-09DD-4C3A-91C3-C11C2066FC9D} = {4AB8204D-294E-4F31-A649-E66ABF19A202}
		{10947FE1-C14D-4374-A387-C43F62E84937} = {C545FFAA-09DD-4C3A-91C3-C11C2066FC9D}
		{0D0AF2F3-4E02-46EC-B543-02FE6B0E3481} = {EF097193-F675-459A-9E95-E10FC1B706F0}
		{01D1C0C9-FCF3-431F-862B-B15C71A156C1} = {4AB8204D-294E-4F31-A649-E66ABF19A202}
		{1EDDF765-CB44-4E0D-856D-BE9B40B5EAA4} = {01D1C0C9-FCF3-431F-862B-B15C71A156C1}
		{8BAD412D-4EC8-4A29-8AEE-F574E191180C} = {1DA16195-5F9D-4E4E-AAE9-7FFC9E9914BE}
		{8F1245AA-FC7D-4348-AF48-2A2D20F0D937} = {8BAD412D-4EC8-4A29-8AEE-F574E191180C}
		{C2CF562A-107D-4690-B20B-898F002F6C11} = {95EEF72D-9395-480D-BCFC-17DB66D379C8}
		{F7C7A52C-F822-463E-8984-11DAF7AA177F} = {E0F19A72-2EB2-4DA4-8043-DF38275B04DD}
		{6BDD8202-6384-4C8F-875F-70617EFEA842} = {0E854752-2208-493E-A06A-EDD1F826E61E}
	EndGlobalSection
	GlobalSection(ExtensibilityGlobals) = postSolution
		SolutionGuid = {80A36DAD-A0F7-4250-852B-39C64D9FCAA4}
	EndGlobalSection
EndGlobal
